// !$*UTF8*$!
{
	archiveVersion = 1;
	classes = {
	};
	objectVersion = 56;
	objects = {

/* Begin PBXBuildFile section */
		1F99670F2B5E7D0A000EDF11 /* AppDelegate.swift in Sources */ = {isa = PBXBuildFile; fileRef = 1F99670E2B5E7D0A000EDF11 /* AppDelegate.swift */; };
		1F9967112B5E7D0A000EDF11 /* SceneDelegate.swift in Sources */ = {isa = PBXBuildFile; fileRef = 1F9967102B5E7D0A000EDF11 /* SceneDelegate.swift */; };
		1F9967132B5E7D0A000EDF11 /* ViewController.swift in Sources */ = {isa = PBXBuildFile; fileRef = 1F9967122B5E7D0A000EDF11 /* ViewController.swift */; };
		1F9967162B5E7D0B000EDF11 /* Main.storyboard in Resources */ = {isa = PBXBuildFile; fileRef = 1F9967142B5E7D0B000EDF11 /* Main.storyboard */; };
		1F9967182B5E7D0C000EDF11 /* Assets.xcassets in Resources */ = {isa = PBXBuildFile; fileRef = 1F9967172B5E7D0C000EDF11 /* Assets.xcassets */; };
		1F99671B2B5E7D0C000EDF11 /* LaunchScreen.storyboard in Resources */ = {isa = PBXBuildFile; fileRef = 1F9967192B5E7D0C000EDF11 /* LaunchScreen.storyboard */; };
		1F9967262B5E7D0C000EDF11 /* DigitalflakePrjTests.swift in Sources */ = {isa = PBXBuildFile; fileRef = 1F9967252B5E7D0C000EDF11 /* DigitalflakePrjTests.swift */; };
		1F9967302B5E7D0C000EDF11 /* DigitalflakePrjUITests.swift in Sources */ = {isa = PBXBuildFile; fileRef = 1F99672F2B5E7D0C000EDF11 /* DigitalflakePrjUITests.swift */; };
		1F9967322B5E7D0C000EDF11 /* DigitalflakePrjUITestsLaunchTests.swift in Sources */ = {isa = PBXBuildFile; fileRef = 1F9967312B5E7D0C000EDF11 /* DigitalflakePrjUITestsLaunchTests.swift */; };
/* End PBXBuildFile section */

/* Begin PBXContainerItemProxy section */
		1F9967222B5E7D0C000EDF11 /* PBXContainerItemProxy */ = {
			isa = PBXContainerItemProxy;
			containerPortal = 1F9967032B5E7D0A000EDF11 /* Project object */;
			proxyType = 1;
			remoteGlobalIDString = 1F99670A2B5E7D0A000EDF11;
			remoteInfo = DigitalflakePrj;
		};
		1F99672C2B5E7D0C000EDF11 /* PBXContainerItemProxy */ = {
			isa = PBXContainerItemProxy;
			containerPortal = 1F9967032B5E7D0A000EDF11 /* Project object */;
			proxyType = 1;
			remoteGlobalIDString = 1F99670A2B5E7D0A000EDF11;
			remoteInfo = DigitalflakePrj;
		};
/* End PBXContainerItemProxy section */

/* Begin PBXFileReference section */
		1F99670B2B5E7D0A000EDF11 /* DigitalflakePrj.app */ = {isa = PBXFileReference; explicitFileType = wrapper.application; includeInIndex = 0; path = DigitalflakePrj.app; sourceTree = BUILT_PRODUCTS_DIR; };
		1F99670E2B5E7D0A000EDF11 /* AppDelegate.swift */ = {isa = PBXFileReference; lastKnownFileType = sourcecode.swift; path = AppDelegate.swift; sourceTree = "<group>"; };
		1F9967102B5E7D0A000EDF11 /* SceneDelegate.swift */ = {isa = PBXFileReference; lastKnownFileType = sourcecode.swift; path = SceneDelegate.swift; sourceTree = "<group>"; };
		1F9967122B5E7D0A000EDF11 /* ViewController.swift */ = {isa = PBXFileReference; lastKnownFileType = sourcecode.swift; path = ViewController.swift; sourceTree = "<group>"; };
		1F9967152B5E7D0B000EDF11 /* Base */ = {isa = PBXFileReference; lastKnownFileType = file.storyboard; name = Base; path = Base.lproj/Main.storyboard; sourceTree = "<group>"; };
		1F9967172B5E7D0C000EDF11 /* Assets.xcassets */ = {isa = PBXFileReference; lastKnownFileType = folder.assetcatalog; path = Assets.xcassets; sourceTree = "<group>"; };
		1F99671A2B5E7D0C000EDF11 /* Base */ = {isa = PBXFileReference; lastKnownFileType = file.storyboard; name = Base; path = Base.lproj/LaunchScreen.storyboard; sourceTree = "<group>"; };
		1F99671C2B5E7D0C000EDF11 /* Info.plist */ = {isa = PBXFileReference; lastKnownFileType = text.plist.xml; path = Info.plist; sourceTree = "<group>"; };
		1F9967212B5E7D0C000EDF11 /* DigitalflakePrjTests.xctest */ = {isa = PBXFileReference; explicitFileType = wrapper.cfbundle; includeInIndex = 0; path = DigitalflakePrjTests.xctest; sourceTree = BUILT_PRODUCTS_DIR; };
		1F9967252B5E7D0C000EDF11 /* DigitalflakePrjTests.swift */ = {isa = PBXFileReference; lastKnownFileType = sourcecode.swift; path = DigitalflakePrjTests.swift; sourceTree = "<group>"; };
		1F99672B2B5E7D0C000EDF11 /* DigitalflakePrjUITests.xctest */ = {isa = PBXFileReference; explicitFileType = wrapper.cfbundle; includeInIndex = 0; path = DigitalflakePrjUITests.xctest; sourceTree = BUILT_PRODUCTS_DIR; };
		1F99672F2B5E7D0C000EDF11 /* DigitalflakePrjUITests.swift */ = {isa = PBXFileReference; lastKnownFileType = sourcecode.swift; path = DigitalflakePrjUITests.swift; sourceTree = "<group>"; };
		1F9967312B5E7D0C000EDF11 /* DigitalflakePrjUITestsLaunchTests.swift */ = {isa = PBXFileReference; lastKnownFileType = sourcecode.swift; path = DigitalflakePrjUITestsLaunchTests.swift; sourceTree = "<group>"; };
/* End PBXFileReference section */

/* Begin PBXFrameworksBuildPhase section */
		1F9967082B5E7D0A000EDF11 /* Frameworks */ = {
			isa = PBXFrameworksBuildPhase;
			buildActionMask = 2147483647;
			files = (
			);
			runOnlyForDeploymentPostprocessing = 0;
		};
		1F99671E2B5E7D0C000EDF11 /* Frameworks */ = {
			isa = PBXFrameworksBuildPhase;
			buildActionMask = 2147483647;
			files = (
			);
			runOnlyForDeploymentPostprocessing = 0;
		};
		1F9967282B5E7D0C000EDF11 /* Frameworks */ = {
			isa = PBXFrameworksBuildPhase;
			buildActionMask = 2147483647;
			files = (
			);
			runOnlyForDeploymentPostprocessing = 0;
		};
/* End PBXFrameworksBuildPhase section */

/* Begin PBXGroup section */
		1F9967022B5E7D0A000EDF11 = {
			isa = PBXGroup;
			children = (
				1F99670D2B5E7D0A000EDF11 /* DigitalflakePrj */,
				1F9967242B5E7D0C000EDF11 /* DigitalflakePrjTests */,
				1F99672E2B5E7D0C000EDF11 /* DigitalflakePrjUITests */,
				1F99670C2B5E7D0A000EDF11 /* Products */,
			);
			sourceTree = "<group>";
		};
		1F99670C2B5E7D0A000EDF11 /* Products */ = {
			isa = PBXGroup;
			children = (
				1F99670B2B5E7D0A000EDF11 /* DigitalflakePrj.app */,
				1F9967212B5E7D0C000EDF11 /* DigitalflakePrjTests.xctest */,
				1F99672B2B5E7D0C000EDF11 /* DigitalflakePrjUITests.xctest */,
			);
			name = Products;
			sourceTree = "<group>";
		};
		1F99670D2B5E7D0A000EDF11 /* DigitalflakePrj */ = {
			isa = PBXGroup;
			children = (
				1F99670E2B5E7D0A000EDF11 /* AppDelegate.swift */,
				1F9967102B5E7D0A000EDF11 /* SceneDelegate.swift */,
				1F9967122B5E7D0A000EDF11 /* ViewController.swift */,
				1F9967142B5E7D0B000EDF11 /* Main.storyboard */,
				1F9967172B5E7D0C000EDF11 /* Assets.xcassets */,
				1F9967192B5E7D0C000EDF11 /* LaunchScreen.storyboard */,
				1F99671C2B5E7D0C000EDF11 /* Info.plist */,
			);
			path = DigitalflakePrj;
			sourceTree = "<group>";
		};
		1F9967242B5E7D0C000EDF11 /* DigitalflakePrjTests */ = {
			isa = PBXGroup;
			children = (
				1F9967252B5E7D0C000EDF11 /* DigitalflakePrjTests.swift */,
			);
			path = DigitalflakePrjTests;
			sourceTree = "<group>";
		};
		1F99672E2B5E7D0C000EDF11 /* DigitalflakePrjUITests */ = {
			isa = PBXGroup;
			children = (
				1F99672F2B5E7D0C000EDF11 /* DigitalflakePrjUITests.swift */,
				1F9967312B5E7D0C000EDF11 /* DigitalflakePrjUITestsLaunchTests.swift */,
			);
			path = DigitalflakePrjUITests;
			sourceTree = "<group>";
		};
/* End PBXGroup section */

/* Begin PBXNativeTarget section */
		1F99670A2B5E7D0A000EDF11 /* DigitalflakePrj */ = {
			isa = PBXNativeTarget;
			buildConfigurationList = 1F9967352B5E7D0C000EDF11 /* Build configuration list for PBXNativeTarget "DigitalflakePrj" */;
			buildPhases = (
				1F9967072B5E7D0A000EDF11 /* Sources */,
				1F9967082B5E7D0A000EDF11 /* Frameworks */,
				1F9967092B5E7D0A000EDF11 /* Resources */,
			);
			buildRules = (
			);
			dependencies = (
			);
			name = DigitalflakePrj;
			productName = DigitalflakePrj;
			productReference = 1F99670B2B5E7D0A000EDF11 /* DigitalflakePrj.app */;
			productType = "com.apple.product-type.application";
		};
		1F9967202B5E7D0C000EDF11 /* DigitalflakePrjTests */ = {
			isa = PBXNativeTarget;
			buildConfigurationList = 1F9967382B5E7D0C000EDF11 /* Build configuration list for PBXNativeTarget "DigitalflakePrjTests" */;
			buildPhases = (
				1F99671D2B5E7D0C000EDF11 /* Sources */,
				1F99671E2B5E7D0C000EDF11 /* Frameworks */,
				1F99671F2B5E7D0C000EDF11 /* Resources */,
			);
			buildRules = (
			);
			dependencies = (
				1F9967232B5E7D0C000EDF11 /* PBXTargetDependency */,
			);
			name = DigitalflakePrjTests;
			productName = DigitalflakePrjTests;
			productReference = 1F9967212B5E7D0C000EDF11 /* DigitalflakePrjTests.xctest */;
			productType = "com.apple.product-type.bundle.unit-test";
		};
		1F99672A2B5E7D0C000EDF11 /* DigitalflakePrjUITests */ = {
			isa = PBXNativeTarget;
			buildConfigurationList = 1F99673B2B5E7D0C000EDF11 /* Build configuration list for PBXNativeTarget "DigitalflakePrjUITests" */;
			buildPhases = (
				1F9967272B5E7D0C000EDF11 /* Sources */,
				1F9967282B5E7D0C000EDF11 /* Frameworks */,
				1F9967292B5E7D0C000EDF11 /* Resources */,
			);
			buildRules = (
			);
			dependencies = (
				1F99672D2B5E7D0C000EDF11 /* PBXTargetDependency */,
			);
			name = DigitalflakePrjUITests;
			productName = DigitalflakePrjUITests;
			productReference = 1F99672B2B5E7D0C000EDF11 /* DigitalflakePrjUITests.xctest */;
			productType = "com.apple.product-type.bundle.ui-testing";
		};
/* End PBXNativeTarget section */

/* Begin PBXProject section */
		1F9967032B5E7D0A000EDF11 /* Project object */ = {
			isa = PBXProject;
			attributes = {
				BuildIndependentTargetsInParallel = 1;
				LastSwiftUpdateCheck = 1500;
				LastUpgradeCheck = 1500;
				TargetAttributes = {
					1F99670A2B5E7D0A000EDF11 = {
						CreatedOnToolsVersion = 15.0;
					};
					1F9967202B5E7D0C000EDF11 = {
						CreatedOnToolsVersion = 15.0;
						TestTargetID = 1F99670A2B5E7D0A000EDF11;
					};
					1F99672A2B5E7D0C000EDF11 = {
						CreatedOnToolsVersion = 15.0;
						TestTargetID = 1F99670A2B5E7D0A000EDF11;
					};
				};
			};
			buildConfigurationList = 1F9967062B5E7D0A000EDF11 /* Build configuration list for PBXProject "DigitalflakePrj" */;
			compatibilityVersion = "Xcode 14.0";
			developmentRegion = en;
			hasScannedForEncodings = 0;
			knownRegions = (
				en,
				Base,
			);
			mainGroup = 1F9967022B5E7D0A000EDF11;
			productRefGroup = 1F99670C2B5E7D0A000EDF11 /* Products */;
			projectDirPath = "";
			projectRoot = "";
			targets = (
				1F99670A2B5E7D0A000EDF11 /* DigitalflakePrj */,
				1F9967202B5E7D0C000EDF11 /* DigitalflakePrjTests */,
				1F99672A2B5E7D0C000EDF11 /* DigitalflakePrjUITests */,
			);
		};
/* End PBXProject section */

/* Begin PBXResourcesBuildPhase section */
		1F9967092B5E7D0A000EDF11 /* Resources */ = {
			isa = PBXResourcesBuildPhase;
			buildActionMask = 2147483647;
			files = (
				1F99671B2B5E7D0C000EDF11 /* LaunchScreen.storyboard in Resources */,
				1F9967182B5E7D0C000EDF11 /* Assets.xcassets in Resources */,
				1F9967162B5E7D0B000EDF11 /* Main.storyboard in Resources */,
			);
			runOnlyForDeploymentPostprocessing = 0;
		};
		1F99671F2B5E7D0C000EDF11 /* Resources */ = {
			isa = PBXResourcesBuildPhase;
			buildActionMask = 2147483647;
			files = (
			);
			runOnlyForDeploymentPostprocessing = 0;
		};
		1F9967292B5E7D0C000EDF11 /* Resources */ = {
			isa = PBXResourcesBuildPhase;
			buildActionMask = 2147483647;
			files = (
			);
			runOnlyForDeploymentPostprocessing = 0;
		};
/* End PBXResourcesBuildPhase section */

/* Begin PBXSourcesBuildPhase section */
		1F9967072B5E7D0A000EDF11 /* Sources */ = {
			isa = PBXSourcesBuildPhase;
			buildActionMask = 2147483647;
			files = (
				1F9967132B5E7D0A000EDF11 /* ViewController.swift in Sources */,
				1F99670F2B5E7D0A000EDF11 /* AppDelegate.swift in Sources */,
				1F9967112B5E7D0A000EDF11 /* SceneDelegate.swift in Sources */,
			);
			runOnlyForDeploymentPostprocessing = 0;
		};
		1F99671D2B5E7D0C000EDF11 /* Sources */ = {
			isa = PBXSourcesBuildPhase;
			buildActionMask = 2147483647;
			files = (
				1F9967262B5E7D0C000EDF11 /* DigitalflakePrjTests.swift in Sources */,
			);
			runOnlyForDeploymentPostprocessing = 0;
		};
		1F9967272B5E7D0C000EDF11 /* Sources */ = {
			isa = PBXSourcesBuildPhase;
			buildActionMask = 2147483647;
			files = (
				1F9967322B5E7D0C000EDF11 /* DigitalflakePrjUITestsLaunchTests.swift in Sources */,
				1F9967302B5E7D0C000EDF11 /* DigitalflakePrjUITests.swift in Sources */,
			);
			runOnlyForDeploymentPostprocessing = 0;
		};
/* End PBXSourcesBuildPhase section */

/* Begin PBXTargetDependency section */
		1F9967232B5E7D0C000EDF11 /* PBXTargetDependency */ = {
			isa = PBXTargetDependency;
			target = 1F99670A2B5E7D0A000EDF11 /* DigitalflakePrj */;
			targetProxy = 1F9967222B5E7D0C000EDF11 /* PBXContainerItemProxy */;
		};
		1F99672D2B5E7D0C000EDF11 /* PBXTargetDependency */ = {
			isa = PBXTargetDependency;
			target = 1F99670A2B5E7D0A000EDF11 /* DigitalflakePrj */;
			targetProxy = 1F99672C2B5E7D0C000EDF11 /* PBXContainerItemProxy */;
		};
/* End PBXTargetDependency section */

/* Begin PBXVariantGroup section */
		1F9967142B5E7D0B000EDF11 /* Main.storyboard */ = {
			isa = PBXVariantGroup;
			children = (
				1F9967152B5E7D0B000EDF11 /* Base */,
			);
			name = Main.storyboard;
			sourceTree = "<group>";
		};
		1F9967192B5E7D0C000EDF11 /* LaunchScreen.storyboard */ = {
			isa = PBXVariantGroup;
			children = (
				1F99671A2B5E7D0C000EDF11 /* Base */,
			);
			name = LaunchScreen.storyboard;
			sourceTree = "<group>";
		};
/* End PBXVariantGroup section */

/* Begin XCBuildConfiguration section */
		1F9967332B5E7D0C000EDF11 /* Debug */ = {
			isa = XCBuildConfiguration;
			buildSettings = {
				ALWAYS_SEARCH_USER_PATHS = NO;
				ASSETCATALOG_COMPILER_GENERATE_SWIFT_ASSET_SYMBOL_EXTENSIONS = YES;
				CLANG_ANALYZER_NONNULL = YES;
				CLANG_ANALYZER_NUMBER_OBJECT_CONVERSION = YES_AGGRESSIVE;
				CLANG_CXX_LANGUAGE_STANDARD = "gnu++20";
				CLANG_ENABLE_MODULES = YES;
				CLANG_ENABLE_OBJC_ARC = YES;
				CLANG_ENABLE_OBJC_WEAK = YES;
				CLANG_WARN_BLOCK_CAPTURE_AUTORELEASING = YES;
				CLANG_WARN_BOOL_CONVERSION = YES;
				CLANG_WARN_COMMA = YES;
				CLANG_WARN_CONSTANT_CONVERSION = YES;
				CLANG_WARN_DEPRECATED_OBJC_IMPLEMENTATIONS = YES;
				CLANG_WARN_DIRECT_OBJC_ISA_USAGE = YES_ERROR;
				CLANG_WARN_DOCUMENTATION_COMMENTS = YES;
				CLANG_WARN_EMPTY_BODY = YES;
				CLANG_WARN_ENUM_CONVERSION = YES;
				CLANG_WARN_INFINITE_RECURSION = YES;
				CLANG_WARN_INT_CONVERSION = YES;
				CLANG_WARN_NON_LITERAL_NULL_CONVERSION = YES;
				CLANG_WARN_OBJC_IMPLICIT_RETAIN_SELF = YES;
				CLANG_WARN_OBJC_LITERAL_CONVERSION = YES;
				CLANG_WARN_OBJC_ROOT_CLASS = YES_ERROR;
				CLANG_WARN_QUOTED_INCLUDE_IN_FRAMEWORK_HEADER = YES;
				CLANG_WARN_RANGE_LOOP_ANALYSIS = YES;
				CLANG_WARN_STRICT_PROTOTYPES = YES;
				CLANG_WARN_SUSPICIOUS_MOVE = YES;
				CLANG_WARN_UNGUARDED_AVAILABILITY = YES_AGGRESSIVE;
				CLANG_WARN_UNREACHABLE_CODE = YES;
				CLANG_WARN__DUPLICATE_METHOD_MATCH = YES;
				COPY_PHASE_STRIP = NO;
				DEBUG_INFORMATION_FORMAT = dwarf;
				ENABLE_STRICT_OBJC_MSGSEND = YES;
				ENABLE_TESTABILITY = YES;
				ENABLE_USER_SCRIPT_SANDBOXING = YES;
				GCC_C_LANGUAGE_STANDARD = gnu17;
				GCC_DYNAMIC_NO_PIC = NO;
				GCC_NO_COMMON_BLOCKS = YES;
				GCC_OPTIMIZATION_LEVEL = 0;
				GCC_PREPROCESSOR_DEFINITIONS = (
					"DEBUG=1",
					"$(inherited)",
				);
				GCC_WARN_64_TO_32_BIT_CONVERSION = YES;
				GCC_WARN_ABOUT_RETURN_TYPE = YES_ERROR;
				GCC_WARN_UNDECLARED_SELECTOR = YES;
				GCC_WARN_UNINITIALIZED_AUTOS = YES_AGGRESSIVE;
				GCC_WARN_UNUSED_FUNCTION = YES;
				GCC_WARN_UNUSED_VARIABLE = YES;
				IPHONEOS_DEPLOYMENT_TARGET = 17.0;
				LOCALIZATION_PREFERS_STRING_CATALOGS = YES;
				MTL_ENABLE_DEBUG_INFO = INCLUDE_SOURCE;
				MTL_FAST_MATH = YES;
				ONLY_ACTIVE_ARCH = YES;
				SDKROOT = iphoneos;
				SWIFT_ACTIVE_COMPILATION_CONDITIONS = "DEBUG $(inherited)";
				SWIFT_OPTIMIZATION_LEVEL = "-Onone";
			};
			name = Debug;
		};
		1F9967342B5E7D0C000EDF11 /* Release */ = {
			isa = XCBuildConfiguration;
			buildSettings = {
				ALWAYS_SEARCH_USER_PATHS = NO;
				ASSETCATALOG_COMPILER_GENERATE_SWIFT_ASSET_SYMBOL_EXTENSIONS = YES;
				CLANG_ANALYZER_NONNULL = YES;
				CLANG_ANALYZER_NUMBER_OBJECT_CONVERSION = YES_AGGRESSIVE;
				CLANG_CXX_LANGUAGE_STANDARD = "gnu++20";
				CLANG_ENABLE_MODULES = YES;
				CLANG_ENABLE_OBJC_ARC = YES;
				CLANG_ENABLE_OBJC_WEAK = YES;
				CLANG_WARN_BLOCK_CAPTURE_AUTORELEASING = YES;
				CLANG_WARN_BOOL_CONVERSION = YES;
				CLANG_WARN_COMMA = YES;
				CLANG_WARN_CONSTANT_CONVERSION = YES;
				CLANG_WARN_DEPRECATED_OBJC_IMPLEMENTATIONS = YES;
				CLANG_WARN_DIRECT_OBJC_ISA_USAGE = YES_ERROR;
				CLANG_WARN_DOCUMENTATION_COMMENTS = YES;
				CLANG_WARN_EMPTY_BODY = YES;
				CLANG_WARN_ENUM_CONVERSION = YES;
				CLANG_WARN_INFINITE_RECURSION = YES;
				CLANG_WARN_INT_CONVERSION = YES;
				CLANG_WARN_NON_LITERAL_NULL_CONVERSION = YES;
				CLANG_WARN_OBJC_IMPLICIT_RETAIN_SELF = YES;
				CLANG_WARN_OBJC_LITERAL_CONVERSION = YES;
				CLANG_WARN_OBJC_ROOT_CLASS = YES_ERROR;
				CLANG_WARN_QUOTED_INCLUDE_IN_FRAMEWORK_HEADER = YES;
				CLANG_WARN_RANGE_LOOP_ANALYSIS = YES;
				CLANG_WARN_STRICT_PROTOTYPES = YES;
				CLANG_WARN_SUSPICIOUS_MOVE = YES;
				CLANG_WARN_UNGUARDED_AVAILABILITY = YES_AGGRESSIVE;
				CLANG_WARN_UNREACHABLE_CODE = YES;
				CLANG_WARN__DUPLICATE_METHOD_MATCH = YES;
				COPY_PHASE_STRIP = NO;
				DEBUG_INFORMATION_FORMAT = "dwarf-with-dsym";
				ENABLE_NS_ASSERTIONS = NO;
				ENABLE_STRICT_OBJC_MSGSEND = YES;
				ENABLE_USER_SCRIPT_SANDBOXING = YES;
				GCC_C_LANGUAGE_STANDARD = gnu17;
				GCC_NO_COMMON_BLOCKS = YES;
				GCC_WARN_64_TO_32_BIT_CONVERSION = YES;
				GCC_WARN_ABOUT_RETURN_TYPE = YES_ERROR;
				GCC_WARN_UNDECLARED_SELECTOR = YES;
				GCC_WARN_UNINITIALIZED_AUTOS = YES_AGGRESSIVE;
				GCC_WARN_UNUSED_FUNCTION = YES;
				GCC_WARN_UNUSED_VARIABLE = YES;
				IPHONEOS_DEPLOYMENT_TARGET = 17.0;
				LOCALIZATION_PREFERS_STRING_CATALOGS = YES;
				MTL_ENABLE_DEBUG_INFO = NO;
				MTL_FAST_MATH = YES;
				SDKROOT = iphoneos;
				SWIFT_COMPILATION_MODE = wholemodule;
				VALIDATE_PRODUCT = YES;
			};
			name = Release;
		};
		1F9967362B5E7D0C000EDF11 /* Debug */ = {
			isa = XCBuildConfiguration;
			buildSettings = {
				ASSETCATALOG_COMPILER_APPICON_NAME = AppIcon;
				ASSETCATALOG_COMPILER_GLOBAL_ACCENT_COLOR_NAME = AccentColor;
				CODE_SIGN_STYLE = Automatic;
				CURRENT_PROJECT_VERSION = 1;
				GENERATE_INFOPLIST_FILE = YES;
				INFOPLIST_FILE = DigitalflakePrj/Info.plist;
				INFOPLIST_KEY_UIApplicationSupportsIndirectInputEvents = YES;
				INFOPLIST_KEY_UILaunchStoryboardName = LaunchScreen;
				INFOPLIST_KEY_UIMainStoryboardFile = Main;
				INFOPLIST_KEY_UISupportedInterfaceOrientations_iPad = "UIInterfaceOrientationPortrait UIInterfaceOrientationPortraitUpsideDown UIInterfaceOrientationLandscapeLeft UIInterfaceOrientationLandscapeRight";
				INFOPLIST_KEY_UISupportedInterfaceOrientations_iPhone = "UIInterfaceOrientationPortrait UIInterfaceOrientationLandscapeLeft UIInterfaceOrientationLandscapeRight";
				LD_RUNPATH_SEARCH_PATHS = (
					"$(inherited)",
					"@executable_path/Frameworks",
				);
				MARKETING_VERSION = 1.0;
				PRODUCT_BUNDLE_IDENTIFIER = com.digitalflake.DigitalflakePrj;
				PRODUCT_NAME = "$(TARGET_NAME)";
				SWIFT_EMIT_LOC_STRINGS = YES;
				SWIFT_VERSION = 5.0;
				TARGETED_DEVICE_FAMILY = "1,2";
			};
			name = Debug;
		};
		1F9967372B5E7D0C000EDF11 /* Release */ = {
			isa = XCBuildConfiguration;
			buildSettings = {
				ASSETCATALOG_COMPILER_APPICON_NAME = AppIcon;
				ASSETCATALOG_COMPILER_GLOBAL_ACCENT_COLOR_NAME = AccentColor;
				CODE_SIGN_STYLE = Automatic;
				CURRENT_PROJECT_VERSION = 1;
				GENERATE_INFOPLIST_FILE = YES;
				INFOPLIST_FILE = DigitalflakePrj/Info.plist;
				INFOPLIST_KEY_UIApplicationSupportsIndirectInputEvents = YES;
				INFOPLIST_KEY_UILaunchStoryboardName = LaunchScreen;
				INFOPLIST_KEY_UIMainStoryboardFile = Main;
				INFOPLIST_KEY_UISupportedInterfaceOrientations_iPad = "UIInterfaceOrientationPortrait UIInterfaceOrientationPortraitUpsideDown UIInterfaceOrientationLandscapeLeft UIInterfaceOrientationLandscapeRight";
				INFOPLIST_KEY_UISupportedInterfaceOrientations_iPhone = "UIInterfaceOrientationPortrait UIInterfaceOrientationLandscapeLeft UIInterfaceOrientationLandscapeRight";
				LD_RUNPATH_SEARCH_PATHS = (
					"$(inherited)",
					"@executable_path/Frameworks",
				);
				MARKETING_VERSION = 1.0;
				PRODUCT_BUNDLE_IDENTIFIER = com.digitalflake.DigitalflakePrj;
				PRODUCT_NAME = "$(TARGET_NAME)";
				SWIFT_EMIT_LOC_STRINGS = YES;
				SWIFT_VERSION = 5.0;
				TARGETED_DEVICE_FAMILY = "1,2";
			};
			name = Release;
		};
		1F9967392B5E7D0C000EDF11 /* Debug */ = {
			isa = XCBuildConfiguration;
			buildSettings = {
				ALWAYS_EMBED_SWIFT_STANDARD_LIBRARIES = YES;
				BUNDLE_LOADER = "$(TEST_HOST)";
				CODE_SIGN_STYLE = Automatic;
				CURRENT_PROJECT_VERSION = 1;
				GENERATE_INFOPLIST_FILE = YES;
				IPHONEOS_DEPLOYMENT_TARGET = 17.0;
				MARKETING_VERSION = 1.0;
				PRODUCT_BUNDLE_IDENTIFIER = com.digitalflake.DigitalflakePrjTests;
				PRODUCT_NAME = "$(TARGET_NAME)";
				SWIFT_EMIT_LOC_STRINGS = NO;
				SWIFT_VERSION = 5.0;
				TARGETED_DEVICE_FAMILY = "1,2";
				TEST_HOST = "$(BUILT_PRODUCTS_DIR)/DigitalflakePrj.app/$(BUNDLE_EXECUTABLE_FOLDER_PATH)/DigitalflakePrj";
			};
			name = Debug;
		};
		1F99673A2B5E7D0C000EDF11 /* Release */ = {
			isa = XCBuildConfiguration;
			buildSettings = {
				ALWAYS_EMBED_SWIFT_STANDARD_LIBRARIES = YES;
				BUNDLE_LOADER = "$(TEST_HOST)";
				CODE_SIGN_STYLE = Automatic;
				CURRENT_PROJECT_VERSION = 1;
				GENERATE_INFOPLIST_FILE = YES;
				IPHONEOS_DEPLOYMENT_TARGET = 17.0;
				MARKETING_VERSION = 1.0;
				PRODUCT_BUNDLE_IDENTIFIER = com.digitalflake.DigitalflakePrjTests;
				PRODUCT_NAME = "$(TARGET_NAME)";
				SWIFT_EMIT_LOC_STRINGS = NO;
				SWIFT_VERSION = 5.0;
				TARGETED_DEVICE_FAMILY = "1,2";
				TEST_HOST = "$(BUILT_PRODUCTS_DIR)/DigitalflakePrj.app/$(BUNDLE_EXECUTABLE_FOLDER_PATH)/DigitalflakePrj";
			};
			name = Release;
		};
		1F99673C2B5E7D0C000EDF11 /* Debug */ = {
			isa = XCBuildConfiguration;
			buildSettings = {
				ALWAYS_EMBED_SWIFT_STANDARD_LIBRARIES = YES;
				CODE_SIGN_STYLE = Automatic;
				CURRENT_PROJECT_VERSION = 1;
				GENERATE_INFOPLIST_FILE = YES;
				MARKETING_VERSION = 1.0;
				PRODUCT_BUNDLE_IDENTIFIER = com.digitalflake.DigitalflakePrjUITests;
				PRODUCT_NAME = "$(TARGET_NAME)";
				SWIFT_EMIT_LOC_STRINGS = NO;
				SWIFT_VERSION = 5.0;
				TARGETED_DEVICE_FAMILY = "1,2";
				TEST_TARGET_NAME = DigitalflakePrj;
			};
			name = Debug;
		};
		1F99673D2B5E7D0C000EDF11 /* Release */ = {
			isa = XCBuildConfiguration;
			buildSettings = {
				ALWAYS_EMBED_SWIFT_STANDARD_LIBRARIES = YES;
				CODE_SIGN_STYLE = Automatic;
				CURRENT_PROJECT_VERSION = 1;
				GENERATE_INFOPLIST_FILE = YES;
				MARKETING_VERSION = 1.0;
				PRODUCT_BUNDLE_IDENTIFIER = com.digitalflake.DigitalflakePrjUITests;
				PRODUCT_NAME = "$(TARGET_NAME)";
				SWIFT_EMIT_LOC_STRINGS = NO;
				SWIFT_VERSION = 5.0;
				TARGETED_DEVICE_FAMILY = "1,2";
				TEST_TARGET_NAME = DigitalflakePrj;
			};
			name = Release;
		};
/* End XCBuildConfiguration section */

/* Begin XCConfigurationList section */
		1F9967062B5E7D0A000EDF11 /* Build configuration list for PBXProject "DigitalflakePrj" */ = {
			isa = XCConfigurationList;
			buildConfigurations = (
				1F9967332B5E7D0C000EDF11 /* Debug */,
				1F9967342B5E7D0C000EDF11 /* Release */,
			);
			defaultConfigurationIsVisible = 0;
			defaultConfigurationName = Release;
		};
		1F9967352B5E7D0C000EDF11 /* Build configuration list for PBXNativeTarget "DigitalflakePrj" */ = {
			isa = XCConfigurationList;
			buildConfigurations = (
				1F9967362B5E7D0C000EDF11 /* Debug */,
				1F9967372B5E7D0C000EDF11 /* Release */,
			);
			defaultConfigurationIsVisible = 0;
			defaultConfigurationName = Release;
		};
		1F9967382B5E7D0C000EDF11 /* Build configuration list for PBXNativeTarget "DigitalflakePrjTests" */ = {
			isa = XCConfigurationList;
			buildConfigurations = (
				1F9967392B5E7D0C000EDF11 /* Debug */,
				1F99673A2B5E7D0C000EDF11 /* Release */,
			);
			defaultConfigurationIsVisible = 0;
			defaultConfigurationName = Release;
		};
		1F99673B2B5E7D0C000EDF11 /* Build configuration list for PBXNativeTarget "DigitalflakePrjUITests" */ = {
			isa = XCConfigurationList;
			buildConfigurations = (
				1F99673C2B5E7D0C000EDF11 /* Debug */,
				1F99673D2B5E7D0C000EDF11 /* Release */,
			);
			defaultConfigurationIsVisible = 0;
			defaultConfigurationName = Release;
		};
/* End XCConfigurationList section */
	};
	rootObject = 1F9967032B5E7D0A000EDF11 /* Project object */;
}
